
Microsoft Visual Studio Solution File, Format Version 12.00
# Visual Studio Version 16
VisualStudioVersion = 16.0.29728.190
MinimumVisualStudioVersion = 10.0.40219.1
Project("{FAE04EC0-301F-11D3-BF4B-00C04F79EFBC}") = "Program", "Program\Program.csproj", "{669F770C-A0A7-464B-977C-1B431FC79F76}"
EndProject
Global
	GlobalSection(SolutionConfigurationPlatforms) = preSolution
		Debug|Any CPU = Debug|Any CPU
		Release|Any CPU = Release|Any CPU
	EndGlobalSection
	GlobalSection(ProjectConfigurationPlatforms) = postSolution
		{669F770C-A0A7-464B-977C-1B431FC79F76}.Debug|Any CPU.ActiveCfg = Debug|Any CPU
		{669F770C-A0A7-464B-977C-1B431FC79F76}.Debug|Any CPU.Build.0 = Debug|Any CPU
		{669F770C-A0A7-464B-977C-1B431FC79F76}.Release|Any CPU.ActiveCfg = Release|Any CPU
		{669F770C-A0A7-464B-977C-1B431FC79F76}.Release|Any CPU.Build.0 = Release|Any CPU
	EndGlobalSection
	GlobalSection(SolutionProperties) = preSolution
		HideSolutionNode = FALSE
	EndGlobalSection
	GlobalSection(ExtensibilityGlobals) = postSolution
		SolutionGuid = {79A9D6B3-D907-4A70-B5DC-C9ED312E0AED}
	EndGlobalSection
EndGlobal
